
Microsoft Visual Studio Solution File, Format Version 12.00
# Visual Studio Version 17
VisualStudioVersion = 17.11.35312.102
MinimumVisualStudioVersion = 10.0.40219.1
Project("{FAE04EC0-301F-11D3-BF4B-00C04F79EFBC}") = "Solution2.2", "Solution2.2\Solution2.2.csproj", "{7EE86B43-F29A-44F5-8825-5B0C2D55AE67}"
EndProject
Global
	GlobalSection(SolutionConfigurationPlatforms) = preSolution
		Debug|Any CPU = Debug|Any CPU
		Release|Any CPU = Release|Any CPU
	EndGlobalSection
	GlobalSection(ProjectConfigurationPlatforms) = postSolution
		{7EE86B43-F29A-44F5-8825-5B0C2D55AE67}.Debug|Any CPU.ActiveCfg = Debug|Any CPU
		{7EE86B43-F29A-44F5-8825-5B0C2D55AE67}.Debug|Any CPU.Build.0 = Debug|Any CPU
		{7EE86B43-F29A-44F5-8825-5B0C2D55AE67}.Release|Any CPU.ActiveCfg = Release|Any CPU
		{7EE86B43-F29A-44F5-8825-5B0C2D55AE67}.Release|Any CPU.Build.0 = Release|Any CPU
	EndGlobalSection
	GlobalSection(SolutionProperties) = preSolution
		HideSolutionNode = FALSE
	EndGlobalSection
	GlobalSection(ExtensibilityGlobals) = postSolution
		SolutionGuid = {56F51A66-EA08-4299-AE3F-F722128F45E9}
	EndGlobalSection
EndGlobal
